
Microsoft Visual Studio Solution File, Format Version 12.00
# Visual Studio Version 17
VisualStudioVersion = 17.5.33424.131
MinimumVisualStudioVersion = 10.0.40219.1
Project("{9A19103F-16F7-4668-BE54-9A1E7A4F7556}") = "Examination System", "Examination System\Examination System.csproj", "{19621A9F-07F8-4AC4-9537-08C7376C7C4E}"
EndProject
Project("{FAE04EC0-301F-11D3-BF4B-00C04F79EFBC}") = "Examination Library", "Examination Library\Examination Library.csproj", "{8FF2107B-984C-42BF-A34E-F58783628390}"
EndProject
Global
	GlobalSection(SolutionConfigurationPlatforms) = preSolution
		Debug|Any CPU = Debug|Any CPU
		Release|Any CPU = Release|Any CPU
	EndGlobalSection
	GlobalSection(ProjectConfigurationPlatforms) = postSolution
		{19621A9F-07F8-4AC4-9537-08C7376C7C4E}.Debug|Any CPU.ActiveCfg = Debug|Any CPU
		{19621A9F-07F8-4AC4-9537-08C7376C7C4E}.Debug|Any CPU.Build.0 = Debug|Any CPU
		{19621A9F-07F8-4AC4-9537-08C7376C7C4E}.Release|Any CPU.ActiveCfg = Release|Any CPU
		{19621A9F-07F8-4AC4-9537-08C7376C7C4E}.Release|Any CPU.Build.0 = Release|Any CPU
		{8FF2107B-984C-42BF-A34E-F58783628390}.Debug|Any CPU.ActiveCfg = Debug|Any CPU
		{8FF2107B-984C-42BF-A34E-F58783628390}.Debug|Any CPU.Build.0 = Debug|Any CPU
		{8FF2107B-984C-42BF-A34E-F58783628390}.Release|Any CPU.ActiveCfg = Release|Any CPU
		{8FF2107B-984C-42BF-A34E-F58783628390}.Release|Any CPU.Build.0 = Release|Any CPU
	EndGlobalSection
	GlobalSection(SolutionProperties) = preSolution
		HideSolutionNode = FALSE
	EndGlobalSection
	GlobalSection(ExtensibilityGlobals) = postSolution
		SolutionGuid = {9737A4A8-274B-4C17-889A-55E2F7E122ED}
	EndGlobalSection
EndGlobal
